
Microsoft Visual Studio Solution File, Format Version 12.00
# Visual Studio 15
Project("{FAE04EC0-301F-11D3-BF4B-00C04F79EFBC}") = "Assembly-CSharp", "Assembly-CSharp.csproj", "{3ABB9FDB-9594-F1E0-8BF5-65073709E524}"
EndProject
Project("{FAE04EC0-301F-11D3-BF4B-00C04F79EFBC}") = "ControllerSample", "ControllerSample.csproj", "{80BA8510-5A5E-9434-E40B-5D8D2C6CE19D}"
EndProject
Global
	GlobalSection(SolutionConfigurationPlatforms) = preSolution
		Debug|Any CPU = Debug|Any CPU
		Release|Any CPU = Release|Any CPU
	EndGlobalSection
	GlobalSection(ProjectConfigurationPlatforms) = postSolution
		{3ABB9FDB-9594-F1E0-8BF5-65073709E524}.Debug|Any CPU.ActiveCfg = Debug|Any CPU
		{3ABB9FDB-9594-F1E0-8BF5-65073709E524}.Debug|Any CPU.Build.0 = Debug|Any CPU
		{3ABB9FDB-9594-F1E0-8BF5-65073709E524}.Release|Any CPU.ActiveCfg = Release|Any CPU
		{3ABB9FDB-9594-F1E0-8BF5-65073709E524}.Release|Any CPU.Build.0 = Release|Any CPU
		{80BA8510-5A5E-9434-E40B-5D8D2C6CE19D}.Debug|Any CPU.ActiveCfg = Debug|Any CPU
		{80BA8510-5A5E-9434-E40B-5D8D2C6CE19D}.Debug|Any CPU.Build.0 = Debug|Any CPU
		{80BA8510-5A5E-9434-E40B-5D8D2C6CE19D}.Release|Any CPU.ActiveCfg = Release|Any CPU
		{80BA8510-5A5E-9434-E40B-5D8D2C6CE19D}.Release|Any CPU.Build.0 = Release|Any CPU
	EndGlobalSection
	GlobalSection(SolutionProperties) = preSolution
		HideSolutionNode = FALSE
	EndGlobalSection
EndGlobal
